github.com/PortableSheep/delve-sdk v0.0.0-20250827012134-69b1a7149aa2 h1:/r38Fd7BacQIOTl2oZXw19yxGnDuyaPOaVJVGAwYcUU=
github.com/PortableSheep/delve-sdk v0.0.0-20250827012134-69b1a7149aa2/go.mod h1:fwGi4LfLKr9AQMrKjt8DNyUxws42mmAU+5Pj4FI47oA=
github.com/gorilla/websocket v1.5.3 h1:saDtZ6Pbx/0u+bgYQ3q96pZgCzfhKXGPqt7kZ72aNNg=
github.com/gorilla/websocket v1.5.3/go.mod h1:YR8l580nyteQvAITg2hZ9XVh4b55+EU/adAjf1fMHhE=
